
Microsoft Visual Studio Solution File, Format Version 12.00
# Visual Studio 2013
VisualStudioVersion = 12.0.40629.0
MinimumVisualStudioVersion = 10.0.40219.1
Project("{FAE04EC0-301F-11D3-BF4B-00C04F79EFBC}") = "ProcGenFebChallenge", "ProcGenFebChallenge\ProcGenFebChallenge.csproj", "{C04FB592-4D95-4505-BBC4-9CC7BDE4AB08}"
EndProject
Project("{FAE04EC0-301F-11D3-BF4B-00C04F79EFBC}") = "PlatformerLSystem", "PlatformerLSystem\PlatformerLSystem.csproj", "{84C2C6C4-3BF4-4AB5-9680-D39A92A4C441}"
EndProject
Global
	GlobalSection(SolutionConfigurationPlatforms) = preSolution
		Debug|Any CPU = Debug|Any CPU
		Release|Any CPU = Release|Any CPU
	EndGlobalSection
	GlobalSection(ProjectConfigurationPlatforms) = postSolution
		{C04FB592-4D95-4505-BBC4-9CC7BDE4AB08}.Debug|Any CPU.ActiveCfg = Debug|Any CPU
		{C04FB592-4D95-4505-BBC4-9CC7BDE4AB08}.Debug|Any CPU.Build.0 = Debug|Any CPU
		{C04FB592-4D95-4505-BBC4-9CC7BDE4AB08}.Release|Any CPU.ActiveCfg = Release|Any CPU
		{C04FB592-4D95-4505-BBC4-9CC7BDE4AB08}.Release|Any CPU.Build.0 = Release|Any CPU
		{84C2C6C4-3BF4-4AB5-9680-D39A92A4C441}.Debug|Any CPU.ActiveCfg = Debug|Any CPU
		{84C2C6C4-3BF4-4AB5-9680-D39A92A4C441}.Debug|Any CPU.Build.0 = Debug|Any CPU
		{84C2C6C4-3BF4-4AB5-9680-D39A92A4C441}.Release|Any CPU.ActiveCfg = Release|Any CPU
		{84C2C6C4-3BF4-4AB5-9680-D39A92A4C441}.Release|Any CPU.Build.0 = Release|Any CPU
	EndGlobalSection
	GlobalSection(SolutionProperties) = preSolution
		HideSolutionNode = FALSE
	EndGlobalSection
EndGlobal
